{
  "name": "cwcheat-parser",
  "version": "1.0.0",
  "lockfileVersion": 2,
  "requires": true,
  "packages": {
    "": {
      "name": "cwcheat-parser",
      "version": "1.0.0",
      "license": "MIT",
      "dependencies": {
        "parsimmon": "^1.18.1"
      },
      "devDependencies": {
        "@types/parsimmon": "^1.10.6",
        "prettier": "^2.7.1"
      }
    },
    "node_modules/@types/parsimmon": {
      "version": "1.10.6",
      "resolved": "https://registry.npmjs.org/@types/parsimmon/-/parsimmon-1.10.6.tgz",
      "integrity": "sha512-FwAQwMRbkhx0J6YELkwIpciVzCcgEqXEbIrIn3a2P5d3kGEHQ3wVhlN3YdVepYP+bZzCYO6OjmD4o9TGOZ40rA==",
      "dev": true
    },
    "node_modules/parsimmon": {
      "version": "1.18.1",
      "resolved": "https://registry.npmjs.org/parsimmon/-/parsimmon-1.18.1.tgz",
      "integrity": "sha512-u7p959wLfGAhJpSDJVYXoyMCXWYwHia78HhRBWqk7AIbxdmlrfdp5wX0l3xv/iTSH5HvhN9K7o26hwwpgS5Nmw=="
    },
    "node_modules/prettier": {
      "version": "2.8.2",
      "resolved": "https://registry.npmjs.org/prettier/-/prettier-2.8.2.tgz",
      "integrity": "sha512-BtRV9BcncDyI2tsuS19zzhzoxD8Dh8LiCx7j7tHzrkz8GFXAexeWFdi22mjE1d16dftH2qNaytVxqiRTGlMfpw==",
      "dev": true,
      "bin": {
        "prettier": "bin-prettier.js"
      },
      "engines": {
        "node": ">=10.13.0"
      },
      "funding": {
        "url": "https://github.com/prettier/prettier?sponsor=1"
      }
    }
  },
  "dependencies": {
    "@types/parsimmon": {
      "version": "1.10.6",
      "resolved": "https://registry.npmjs.org/@types/parsimmon/-/parsimmon-1.10.6.tgz",
      "integrity": "sha512-FwAQwMRbkhx0J6YELkwIpciVzCcgEqXEbIrIn3a2P5d3kGEHQ3wVhlN3YdVepYP+bZzCYO6OjmD4o9TGOZ40rA==",
      "dev": true
    },
    "parsimmon": {
      "version": "1.18.1",
      "resolved": "https://registry.npmjs.org/parsimmon/-/parsimmon-1.18.1.tgz",
      "integrity": "sha512-u7p959wLfGAhJpSDJVYXoyMCXWYwHia78HhRBWqk7AIbxdmlrfdp5wX0l3xv/iTSH5HvhN9K7o26hwwpgS5Nmw=="
    },
    "prettier": {
      "version": "2.8.2",
      "resolved": "https://registry.npmjs.org/prettier/-/prettier-2.8.2.tgz",
      "integrity": "sha512-BtRV9BcncDyI2tsuS19zzhzoxD8Dh8LiCx7j7tHzrkz8GFXAexeWFdi22mjE1d16dftH2qNaytVxqiRTGlMfpw==",
      "dev": true
    }
  }
}
